
Microsoft Visual Studio Solution File, Format Version 12.00
# Visual Studio Version 17
VisualStudioVersion = 17.3.32922.545
MinimumVisualStudioVersion = 10.0.40219.1
Project("{F184B08F-C81C-45F6-A57F-5ABD9991F28F}") = "BooksInfoSys", "BooksInfoSys\BooksInfoSys.vbproj", "{C7AB5930-B8F7-419B-852A-0E45E76D84E0}"
EndProject
Global
	GlobalSection(SolutionConfigurationPlatforms) = preSolution
		Debug|Any CPU = Debug|Any CPU
		Release|Any CPU = Release|Any CPU
	EndGlobalSection
	GlobalSection(ProjectConfigurationPlatforms) = postSolution
		{C7AB5930-B8F7-419B-852A-0E45E76D84E0}.Debug|Any CPU.ActiveCfg = Debug|Any CPU
		{C7AB5930-B8F7-419B-852A-0E45E76D84E0}.Debug|Any CPU.Build.0 = Debug|Any CPU
		{C7AB5930-B8F7-419B-852A-0E45E76D84E0}.Release|Any CPU.ActiveCfg = Release|Any CPU
		{C7AB5930-B8F7-419B-852A-0E45E76D84E0}.Release|Any CPU.Build.0 = Release|Any CPU
	EndGlobalSection
	GlobalSection(SolutionProperties) = preSolution
		HideSolutionNode = FALSE
	EndGlobalSection
	GlobalSection(ExtensibilityGlobals) = postSolution
		SolutionGuid = {67FFAC71-03A0-42FD-92CB-A0D6D2E9E00C}
	EndGlobalSection
EndGlobal
